
Microsoft Visual Studio Solution File, Format Version 12.00
Project("{FAE04EC0-301F-11D3-BF4B-00C04F79EFBC}") = "ConsoleClient", "ConsoleClient\ConsoleClient.csproj", "{52A31CE4-8D88-4945-B913-58C2D17FFB37}"
EndProject
Project("{FAE04EC0-301F-11D3-BF4B-00C04F79EFBC}") = "MediatorLibrary", "MediatorLibrary\MediatorLibrary.csproj", "{1D9C78B1-A948-44E8-9782-E78F43ACB81F}"
EndProject
Project("{FAE04EC0-301F-11D3-BF4B-00C04F79EFBC}") = "WebClient", "WebClient\WebClient.csproj", "{23C5BC5D-2240-4856-AE73-7C56DE41AD47}"
EndProject
Global
	GlobalSection(SolutionConfigurationPlatforms) = preSolution
		Debug|Any CPU = Debug|Any CPU
		Release|Any CPU = Release|Any CPU
	EndGlobalSection
	GlobalSection(ProjectConfigurationPlatforms) = postSolution
		{52A31CE4-8D88-4945-B913-58C2D17FFB37}.Debug|Any CPU.ActiveCfg = Debug|Any CPU
		{52A31CE4-8D88-4945-B913-58C2D17FFB37}.Debug|Any CPU.Build.0 = Debug|Any CPU
		{52A31CE4-8D88-4945-B913-58C2D17FFB37}.Release|Any CPU.ActiveCfg = Release|Any CPU
		{52A31CE4-8D88-4945-B913-58C2D17FFB37}.Release|Any CPU.Build.0 = Release|Any CPU
		{1D9C78B1-A948-44E8-9782-E78F43ACB81F}.Debug|Any CPU.ActiveCfg = Debug|Any CPU
		{1D9C78B1-A948-44E8-9782-E78F43ACB81F}.Debug|Any CPU.Build.0 = Debug|Any CPU
		{1D9C78B1-A948-44E8-9782-E78F43ACB81F}.Release|Any CPU.ActiveCfg = Release|Any CPU
		{1D9C78B1-A948-44E8-9782-E78F43ACB81F}.Release|Any CPU.Build.0 = Release|Any CPU
		{23C5BC5D-2240-4856-AE73-7C56DE41AD47}.Debug|Any CPU.ActiveCfg = Debug|Any CPU
		{23C5BC5D-2240-4856-AE73-7C56DE41AD47}.Debug|Any CPU.Build.0 = Debug|Any CPU
		{23C5BC5D-2240-4856-AE73-7C56DE41AD47}.Release|Any CPU.ActiveCfg = Release|Any CPU
		{23C5BC5D-2240-4856-AE73-7C56DE41AD47}.Release|Any CPU.Build.0 = Release|Any CPU
	EndGlobalSection
EndGlobal
